PODS:
  - AFNetworking (4.0.1):
    - AFNetworking/NSURLSession (= 4.0.1)
    - AFNetworking/Reachability (= 4.0.1)
    - AFNetworking/Security (= 4.0.1)
    - AFNetworking/Serialization (= 4.0.1)
    - AFNetworking/UIKit (= 4.0.1)
  - AFNetworking/NSURLSession (4.0.1):
    - AFNetworking/Reachability
    - AFNetworking/Security
    - AFNetworking/Serialization
  - AFNetworking/Reachability (4.0.1)
  - AFNetworking/Security (4.0.1)
  - AFNetworking/Serialization (4.0.1)
  - AFNetworking/UIKit (4.0.1):
    - AFNetworking/NSURLSession
  - MYAdSDK (0.0.9):
    - AFNetworking
  - MYAdSDKDemo (0.0.2):
    - MYAdSDK

DEPENDENCIES:
  - MYAdSDKDemo (from `../`)

SPEC REPOS:
  trunk:
    - AFNetworking
    - MYAdSDK

EXTERNAL SOURCES:
  MYAdSDKDemo:
    :path: "../"

SPEC CHECKSUMS:
  AFNetworking: 7864c38297c79aaca1500c33288e429c3451fdce
  MYAdSDK: bab6cc7d5044efc97beac99fc5a25b5974b8b771
  MYAdSDKDemo: a4f7fdb6cf4b85b7ae899f18ee72e2b1bde3c6ce

PODFILE CHECKSUM: 4589c9c0dbf918ab133c543f4fc3a973fd4ba5ad

COCOAPODS: 1.9.3
